
Microsoft Visual Studio Solution File, Format Version 12.00
# Visual Studio Version 16
VisualStudioVersion = 16.0.31105.61
MinimumVisualStudioVersion = 10.0.40219.1
Project("{FAE04EC0-301F-11D3-BF4B-00C04F79EFBC}") = "Evaluación", "Evaluación\Evaluación.csproj", "{BCCE3F18-D118-42C3-BC51-92609754B094}"
EndProject
Global
	GlobalSection(SolutionConfigurationPlatforms) = preSolution
		Debug|Any CPU = Debug|Any CPU
		Release|Any CPU = Release|Any CPU
	EndGlobalSection
	GlobalSection(ProjectConfigurationPlatforms) = postSolution
		{BCCE3F18-D118-42C3-BC51-92609754B094}.Debug|Any CPU.ActiveCfg = Debug|Any CPU
		{BCCE3F18-D118-42C3-BC51-92609754B094}.Debug|Any CPU.Build.0 = Debug|Any CPU
		{BCCE3F18-D118-42C3-BC51-92609754B094}.Release|Any CPU.ActiveCfg = Release|Any CPU
		{BCCE3F18-D118-42C3-BC51-92609754B094}.Release|Any CPU.Build.0 = Release|Any CPU
	EndGlobalSection
	GlobalSection(SolutionProperties) = preSolution
		HideSolutionNode = FALSE
	EndGlobalSection
	GlobalSection(ExtensibilityGlobals) = postSolution
		SolutionGuid = {17D11411-F677-4AE5-93CC-62881EFB5CA8}
	EndGlobalSection
EndGlobal
